
Microsoft Visual Studio Solution File, Format Version 12.00
# Visual Studio 15
VisualStudioVersion = 15.0.27703.2026
MinimumVisualStudioVersion = 10.0.40219.1
Project("{FAE04EC0-301F-11D3-BF4B-00C04F79EFBC}") = "Medistorial", "Medistorial\Medistorial.csproj", "{F7686351-1ADD-4D9C-9CD2-F71D316B7928}"
EndProject
Project("{FAE04EC0-301F-11D3-BF4B-00C04F79EFBC}") = "Medistorial.Models", "..\Medistorial.Models\Medistorial.Models.csproj", "{4D68DA54-97F5-4787-B813-E22D5F001488}"
EndProject
Project("{FAE04EC0-301F-11D3-BF4B-00C04F79EFBC}") = "Medistorial.DAL", "Medistorial.DAL\Medistorial.DAL.csproj", "{3DF6C000-8420-4973-82E3-4EB4D80AA856}"
EndProject
Global
	GlobalSection(SolutionConfigurationPlatforms) = preSolution
		Debug|Any CPU = Debug|Any CPU
		Release|Any CPU = Release|Any CPU
	EndGlobalSection
	GlobalSection(ProjectConfigurationPlatforms) = postSolution
		{F7686351-1ADD-4D9C-9CD2-F71D316B7928}.Debug|Any CPU.ActiveCfg = Debug|Any CPU
		{F7686351-1ADD-4D9C-9CD2-F71D316B7928}.Debug|Any CPU.Build.0 = Debug|Any CPU
		{F7686351-1ADD-4D9C-9CD2-F71D316B7928}.Release|Any CPU.ActiveCfg = Release|Any CPU
		{F7686351-1ADD-4D9C-9CD2-F71D316B7928}.Release|Any CPU.Build.0 = Release|Any CPU
		{4D68DA54-97F5-4787-B813-E22D5F001488}.Debug|Any CPU.ActiveCfg = Debug|Any CPU
		{4D68DA54-97F5-4787-B813-E22D5F001488}.Debug|Any CPU.Build.0 = Debug|Any CPU
		{4D68DA54-97F5-4787-B813-E22D5F001488}.Release|Any CPU.ActiveCfg = Release|Any CPU
		{4D68DA54-97F5-4787-B813-E22D5F001488}.Release|Any CPU.Build.0 = Release|Any CPU
		{3DF6C000-8420-4973-82E3-4EB4D80AA856}.Debug|Any CPU.ActiveCfg = Debug|Any CPU
		{3DF6C000-8420-4973-82E3-4EB4D80AA856}.Debug|Any CPU.Build.0 = Debug|Any CPU
		{3DF6C000-8420-4973-82E3-4EB4D80AA856}.Release|Any CPU.ActiveCfg = Release|Any CPU
		{3DF6C000-8420-4973-82E3-4EB4D80AA856}.Release|Any CPU.Build.0 = Release|Any CPU
	EndGlobalSection
	GlobalSection(SolutionProperties) = preSolution
		HideSolutionNode = FALSE
	EndGlobalSection
	GlobalSection(ExtensibilityGlobals) = postSolution
		SolutionGuid = {12246263-4FFB-46FF-A32E-D33D7E4FC1C0}
	EndGlobalSection
EndGlobal
